
Microsoft Visual Studio Solution File, Format Version 12.00
# Visual Studio Version 16
VisualStudioVersion = 16.0.29230.47
MinimumVisualStudioVersion = 10.0.40219.1
Project("{FAE04EC0-301F-11D3-BF4B-00C04F79EFBC}") = "BeachuApp.Android", "BeachuApp\BeachuApp.Android\BeachuApp.Android.csproj", "{0111DEDC-4902-44CE-95E5-A900900F92C2}"
EndProject
Project("{FAE04EC0-301F-11D3-BF4B-00C04F79EFBC}") = "BeachuApp.iOS", "BeachuApp\BeachuApp.iOS\BeachuApp.iOS.csproj", "{A41DB703-A69E-4E26-83E7-23C85881CE08}"
EndProject
Project("{9A19103F-16F7-4668-BE54-9A1E7A4F7556}") = "BeachuApp", "BeachuApp\BeachuApp\BeachuApp.csproj", "{CCC89F2E-242F-40CF-8706-D366CAEC053A}"
EndProject
Project("{2150E333-8FDC-42A3-9474-1A3956D46DE8}") = "Solution Items", "Solution Items", "{0C267D34-170E-472D-84E5-54DC15A8ADD2}"
	ProjectSection(SolutionItems) = preProject
		.editorconfig = .editorconfig
	EndProjectSection
EndProject
Global
	GlobalSection(SolutionConfigurationPlatforms) = preSolution
		Debug|Any CPU = Debug|Any CPU
		Debug|iPhone = Debug|iPhone
		Debug|iPhoneSimulator = Debug|iPhoneSimulator
		Release|Any CPU = Release|Any CPU
		Release|iPhone = Release|iPhone
		Release|iPhoneSimulator = Release|iPhoneSimulator
	EndGlobalSection
	GlobalSection(ProjectConfigurationPlatforms) = postSolution
		{0111DEDC-4902-44CE-95E5-A900900F92C2}.Debug|Any CPU.ActiveCfg = Debug|Any CPU
		{0111DEDC-4902-44CE-95E5-A900900F92C2}.Debug|Any CPU.Build.0 = Debug|Any CPU
		{0111DEDC-4902-44CE-95E5-A900900F92C2}.Debug|Any CPU.Deploy.0 = Debug|Any CPU
		{0111DEDC-4902-44CE-95E5-A900900F92C2}.Debug|iPhone.ActiveCfg = Debug|Any CPU
		{0111DEDC-4902-44CE-95E5-A900900F92C2}.Debug|iPhone.Build.0 = Debug|Any CPU
		{0111DEDC-4902-44CE-95E5-A900900F92C2}.Debug|iPhone.Deploy.0 = Debug|Any CPU
		{0111DEDC-4902-44CE-95E5-A900900F92C2}.Debug|iPhoneSimulator.ActiveCfg = Debug|Any CPU
		{0111DEDC-4902-44CE-95E5-A900900F92C2}.Debug|iPhoneSimulator.Build.0 = Debug|Any CPU
		{0111DEDC-4902-44CE-95E5-A900900F92C2}.Debug|iPhoneSimulator.Deploy.0 = Debug|Any CPU
		{0111DEDC-4902-44CE-95E5-A900900F92C2}.Release|Any CPU.ActiveCfg = Release|Any CPU
		{0111DEDC-4902-44CE-95E5-A900900F92C2}.Release|Any CPU.Build.0 = Release|Any CPU
		{0111DEDC-4902-44CE-95E5-A900900F92C2}.Release|Any CPU.Deploy.0 = Release|Any CPU
		{0111DEDC-4902-44CE-95E5-A900900F92C2}.Release|iPhone.ActiveCfg = Release|Any CPU
		{0111DEDC-4902-44CE-95E5-A900900F92C2}.Release|iPhone.Build.0 = Release|Any CPU
		{0111DEDC-4902-44CE-95E5-A900900F92C2}.Release|iPhone.Deploy.0 = Release|Any CPU
		{0111DEDC-4902-44CE-95E5-A900900F92C2}.Release|iPhoneSimulator.ActiveCfg = Release|Any CPU
		{0111DEDC-4902-44CE-95E5-A900900F92C2}.Release|iPhoneSimulator.Build.0 = Release|Any CPU
		{0111DEDC-4902-44CE-95E5-A900900F92C2}.Release|iPhoneSimulator.Deploy.0 = Release|Any CPU
		{A41DB703-A69E-4E26-83E7-23C85881CE08}.Debug|Any CPU.ActiveCfg = Debug|iPhoneSimulator
		{A41DB703-A69E-4E26-83E7-23C85881CE08}.Debug|Any CPU.Build.0 = Debug|iPhoneSimulator
		{A41DB703-A69E-4E26-83E7-23C85881CE08}.Debug|Any CPU.Deploy.0 = Debug|iPhoneSimulator
		{A41DB703-A69E-4E26-83E7-23C85881CE08}.Debug|iPhone.ActiveCfg = Debug|iPhone
		{A41DB703-A69E-4E26-83E7-23C85881CE08}.Debug|iPhone.Build.0 = Debug|iPhone
		{A41DB703-A69E-4E26-83E7-23C85881CE08}.Debug|iPhone.Deploy.0 = Debug|iPhone
		{A41DB703-A69E-4E26-83E7-23C85881CE08}.Debug|iPhoneSimulator.ActiveCfg = Debug|iPhoneSimulator
		{A41DB703-A69E-4E26-83E7-23C85881CE08}.Debug|iPhoneSimulator.Build.0 = Debug|iPhoneSimulator
		{A41DB703-A69E-4E26-83E7-23C85881CE08}.Debug|iPhoneSimulator.Deploy.0 = Debug|iPhoneSimulator
		{A41DB703-A69E-4E26-83E7-23C85881CE08}.Release|Any CPU.ActiveCfg = Release|iPhone
		{A41DB703-A69E-4E26-83E7-23C85881CE08}.Release|Any CPU.Deploy.0 = Release|iPhone
		{A41DB703-A69E-4E26-83E7-23C85881CE08}.Release|iPhone.ActiveCfg = Release|iPhone
		{A41DB703-A69E-4E26-83E7-23C85881CE08}.Release|iPhone.Build.0 = Release|iPhone
		{A41DB703-A69E-4E26-83E7-23C85881CE08}.Release|iPhone.Deploy.0 = Release|iPhone
		{A41DB703-A69E-4E26-83E7-23C85881CE08}.Release|iPhoneSimulator.ActiveCfg = Release|iPhoneSimulator
		{A41DB703-A69E-4E26-83E7-23C85881CE08}.Release|iPhoneSimulator.Build.0 = Release|iPhoneSimulator
		{A41DB703-A69E-4E26-83E7-23C85881CE08}.Release|iPhoneSimulator.Deploy.0 = Release|iPhoneSimulator
		{CCC89F2E-242F-40CF-8706-D366CAEC053A}.Debug|Any CPU.ActiveCfg = Debug|Any CPU
		{CCC89F2E-242F-40CF-8706-D366CAEC053A}.Debug|Any CPU.Build.0 = Debug|Any CPU
		{CCC89F2E-242F-40CF-8706-D366CAEC053A}.Debug|Any CPU.Deploy.0 = Debug|Any CPU
		{CCC89F2E-242F-40CF-8706-D366CAEC053A}.Debug|iPhone.ActiveCfg = Debug|Any CPU
		{CCC89F2E-242F-40CF-8706-D366CAEC053A}.Debug|iPhone.Build.0 = Debug|Any CPU
		{CCC89F2E-242F-40CF-8706-D366CAEC053A}.Debug|iPhone.Deploy.0 = Debug|Any CPU
		{CCC89F2E-242F-40CF-8706-D366CAEC053A}.Debug|iPhoneSimulator.ActiveCfg = Debug|Any CPU
		{CCC89F2E-242F-40CF-8706-D366CAEC053A}.Debug|iPhoneSimulator.Build.0 = Debug|Any CPU
		{CCC89F2E-242F-40CF-8706-D366CAEC053A}.Debug|iPhoneSimulator.Deploy.0 = Debug|Any CPU
		{CCC89F2E-242F-40CF-8706-D366CAEC053A}.Release|Any CPU.ActiveCfg = Release|Any CPU
		{CCC89F2E-242F-40CF-8706-D366CAEC053A}.Release|Any CPU.Build.0 = Release|Any CPU
		{CCC89F2E-242F-40CF-8706-D366CAEC053A}.Release|Any CPU.Deploy.0 = Release|Any CPU
		{CCC89F2E-242F-40CF-8706-D366CAEC053A}.Release|iPhone.ActiveCfg = Release|Any CPU
		{CCC89F2E-242F-40CF-8706-D366CAEC053A}.Release|iPhone.Build.0 = Release|Any CPU
		{CCC89F2E-242F-40CF-8706-D366CAEC053A}.Release|iPhone.Deploy.0 = Release|Any CPU
		{CCC89F2E-242F-40CF-8706-D366CAEC053A}.Release|iPhoneSimulator.ActiveCfg = Release|Any CPU
		{CCC89F2E-242F-40CF-8706-D366CAEC053A}.Release|iPhoneSimulator.Build.0 = Release|Any CPU
		{CCC89F2E-242F-40CF-8706-D366CAEC053A}.Release|iPhoneSimulator.Deploy.0 = Release|Any CPU
	EndGlobalSection
	GlobalSection(SolutionProperties) = preSolution
		HideSolutionNode = FALSE
	EndGlobalSection
	GlobalSection(ExtensibilityGlobals) = postSolution
		SolutionGuid = {F85694C2-2884-4E7D-A61F-9AE85850664E}
	EndGlobalSection
EndGlobal
